// !$*UTF8*$!
{
	archiveVersion = 1;
	classes = {
	};
	objectVersion = 50;
	objects = {

/* Begin PBXBuildFile section */
		B30250A5266E7BE100C98CCF /* MeteostaticApp.swift in Sources */ = {isa = PBXBuildFile; fileRef = B30250A4266E7BE100C98CCF /* MeteostaticApp.swift */; };
		B30250A7266E7BE100C98CCF /* ContentView.swift in Sources */ = {isa = PBXBuildFile; fileRef = B30250A6266E7BE100C98CCF /* ContentView.swift */; };
		B30250A9266E7BE200C98CCF /* Assets.xcassets in Resources */ = {isa = PBXBuildFile; fileRef = B30250A8266E7BE200C98CCF /* Assets.xcassets */; };
		B30250AC266E7BE200C98CCF /* Preview Assets.xcassets in Resources */ = {isa = PBXBuildFile; fileRef = B30250AB266E7BE200C98CCF /* Preview Assets.xcassets */; };
		B390E4F12675346800808B5C /* WeatherIconView.swift in Sources */ = {isa = PBXBuildFile; fileRef = B390E4F02675346800808B5C /* WeatherIconView.swift */; };
		B390E4F32675479E00808B5C /* DailyForecastView.swift in Sources */ = {isa = PBXBuildFile; fileRef = B390E4F22675479E00808B5C /* DailyForecastView.swift */; };
		B3D82A4C26768D9C0010A078 /* NetworkManager.swift in Sources */ = {isa = PBXBuildFile; fileRef = B3D82A4B26768D9C0010A078 /* NetworkManager.swift */; };
		B3D82A4F26768E380010A078 /* WeatherResponse.swift in Sources */ = {isa = PBXBuildFile; fileRef = B3D82A4E26768E380010A078 /* WeatherResponse.swift */; };
/* End PBXBuildFile section */

/* Begin PBXFileReference section */
		B30250A1266E7BE100C98CCF /* Meteostatic.app */ = {isa = PBXFileReference; explicitFileType = wrapper.application; includeInIndex = 0; path = Meteostatic.app; sourceTree = BUILT_PRODUCTS_DIR; };
		B30250A4266E7BE100C98CCF /* MeteostaticApp.swift */ = {isa = PBXFileReference; lastKnownFileType = sourcecode.swift; path = MeteostaticApp.swift; sourceTree = "<group>"; };
		B30250A6266E7BE100C98CCF /* ContentView.swift */ = {isa = PBXFileReference; lastKnownFileType = sourcecode.swift; path = ContentView.swift; sourceTree = "<group>"; };
		B30250A8266E7BE200C98CCF /* Assets.xcassets */ = {isa = PBXFileReference; lastKnownFileType = folder.assetcatalog; path = Assets.xcassets; sourceTree = "<group>"; };
		B30250AB266E7BE200C98CCF /* Preview Assets.xcassets */ = {isa = PBXFileReference; lastKnownFileType = folder.assetcatalog; path = "Preview Assets.xcassets"; sourceTree = "<group>"; };
		B30250AD266E7BE200C98CCF /* Info.plist */ = {isa = PBXFileReference; lastKnownFileType = text.plist.xml; path = Info.plist; sourceTree = "<group>"; };
		B390E4F02675346800808B5C /* WeatherIconView.swift */ = {isa = PBXFileReference; lastKnownFileType = sourcecode.swift; path = WeatherIconView.swift; sourceTree = "<group>"; };
		B390E4F22675479E00808B5C /* DailyForecastView.swift */ = {isa = PBXFileReference; lastKnownFileType = sourcecode.swift; path = DailyForecastView.swift; sourceTree = "<group>"; };
		B3D82A4B26768D9C0010A078 /* NetworkManager.swift */ = {isa = PBXFileReference; lastKnownFileType = sourcecode.swift; path = NetworkManager.swift; sourceTree = "<group>"; };
		B3D82A4E26768E380010A078 /* WeatherResponse.swift */ = {isa = PBXFileReference; lastKnownFileType = sourcecode.swift; path = WeatherResponse.swift; sourceTree = "<group>"; };
/* End PBXFileReference section */

/* Begin PBXFrameworksBuildPhase section */
		B302509E266E7BE100C98CCF /* Frameworks */ = {
			isa = PBXFrameworksBuildPhase;
			buildActionMask = 2147483647;
			files = (
			);
			runOnlyForDeploymentPostprocessing = 0;
		};
/* End PBXFrameworksBuildPhase section */

/* Begin PBXGroup section */
		B3025098266E7BE100C98CCF = {
			isa = PBXGroup;
			children = (
				B30250A3266E7BE100C98CCF /* Meteostatic */,
				B30250A2266E7BE100C98CCF /* Products */,
			);
			sourceTree = "<group>";
		};
		B30250A2266E7BE100C98CCF /* Products */ = {
			isa = PBXGroup;
			children = (
				B30250A1266E7BE100C98CCF /* Meteostatic.app */,
			);
			name = Products;
			sourceTree = "<group>";
		};
		B30250A3266E7BE100C98CCF /* Meteostatic */ = {
			isa = PBXGroup;
			children = (
				B30250A4266E7BE100C98CCF /* MeteostaticApp.swift */,
				B30250A6266E7BE100C98CCF /* ContentView.swift */,
				B3D82A4D26768E030010A078 /* Models */,
				B3D82A4A26768D830010A078 /* Services */,
				B390E4EF2675342900808B5C /* Views */,
				B3D82A5026768E620010A078 /* Source */,
				B30250AD266E7BE200C98CCF /* Info.plist */,
				B30250AA266E7BE200C98CCF /* Preview Content */,
			);
			path = Meteostatic;
			sourceTree = "<group>";
		};
		B30250AA266E7BE200C98CCF /* Preview Content */ = {
			isa = PBXGroup;
			children = (
				B30250AB266E7BE200C98CCF /* Preview Assets.xcassets */,
			);
			path = "Preview Content";
			sourceTree = "<group>";
		};
		B390E4EF2675342900808B5C /* Views */ = {
			isa = PBXGroup;
			children = (
				B390E4F02675346800808B5C /* WeatherIconView.swift */,
				B390E4F22675479E00808B5C /* DailyForecastView.swift */,
			);
			path = Views;
			sourceTree = "<group>";
		};
		B3D82A4A26768D830010A078 /* Services */ = {
			isa = PBXGroup;
			children = (
				B3D82A4B26768D9C0010A078 /* NetworkManager.swift */,
			);
			path = Services;
			sourceTree = "<group>";
		};
		B3D82A4D26768E030010A078 /* Models */ = {
			isa = PBXGroup;
			children = (
				B3D82A4E26768E380010A078 /* WeatherResponse.swift */,
			);
			path = Models;
			sourceTree = "<group>";
		};
		B3D82A5026768E620010A078 /* Source */ = {
			isa = PBXGroup;
			children = (
				B30250A8266E7BE200C98CCF /* Assets.xcassets */,
			);
			path = Source;
			sourceTree = "<group>";
		};
/* End PBXGroup section */

/* Begin PBXNativeTarget section */
		B30250A0266E7BE100C98CCF /* Meteostatic */ = {
			isa = PBXNativeTarget;
			buildConfigurationList = B30250B0266E7BE200C98CCF /* Build configuration list for PBXNativeTarget "Meteostatic" */;
			buildPhases = (
				B302509D266E7BE100C98CCF /* Sources */,
				B302509E266E7BE100C98CCF /* Frameworks */,
				B302509F266E7BE100C98CCF /* Resources */,
			);
			buildRules = (
			);
			dependencies = (
			);
			name = Meteostatic;
			productName = Meteostatic;
			productReference = B30250A1266E7BE100C98CCF /* Meteostatic.app */;
			productType = "com.apple.product-type.application";
		};
/* End PBXNativeTarget section */

/* Begin PBXProject section */
		B3025099266E7BE100C98CCF /* Project object */ = {
			isa = PBXProject;
			attributes = {
				LastSwiftUpdateCheck = 1250;
				LastUpgradeCheck = 1250;
				TargetAttributes = {
					B30250A0266E7BE100C98CCF = {
						CreatedOnToolsVersion = 12.5;
					};
				};
			};
			buildConfigurationList = B302509C266E7BE100C98CCF /* Build configuration list for PBXProject "Meteostatic" */;
			compatibilityVersion = "Xcode 9.3";
			developmentRegion = en;
			hasScannedForEncodings = 0;
			knownRegions = (
				en,
				Base,
			);
			mainGroup = B3025098266E7BE100C98CCF;
			productRefGroup = B30250A2266E7BE100C98CCF /* Products */;
			projectDirPath = "";
			projectRoot = "";
			targets = (
				B30250A0266E7BE100C98CCF /* Meteostatic */,
			);
		};
/* End PBXProject section */

/* Begin PBXResourcesBuildPhase section */
		B302509F266E7BE100C98CCF /* Resources */ = {
			isa = PBXResourcesBuildPhase;
			buildActionMask = 2147483647;
			files = (
				B30250AC266E7BE200C98CCF /* Preview Assets.xcassets in Resources */,
				B30250A9266E7BE200C98CCF /* Assets.xcassets in Resources */,
			);
			runOnlyForDeploymentPostprocessing = 0;
		};
/* End PBXResourcesBuildPhase section */

/* Begin PBXSourcesBuildPhase section */
		B302509D266E7BE100C98CCF /* Sources */ = {
			isa = PBXSourcesBuildPhase;
			buildActionMask = 2147483647;
			files = (
				B390E4F12675346800808B5C /* WeatherIconView.swift in Sources */,
				B3D82A4F26768E380010A078 /* WeatherResponse.swift in Sources */,
				B30250A7266E7BE100C98CCF /* ContentView.swift in Sources */,
				B3D82A4C26768D9C0010A078 /* NetworkManager.swift in Sources */,
				B30250A5266E7BE100C98CCF /* MeteostaticApp.swift in Sources */,
				B390E4F32675479E00808B5C /* DailyForecastView.swift in Sources */,
			);
			runOnlyForDeploymentPostprocessing = 0;
		};
/* End PBXSourcesBuildPhase section */

/* Begin XCBuildConfiguration section */
		B30250AE266E7BE200C98CCF /* Debug */ = {
			isa = XCBuildConfiguration;
			buildSettings = {
				ALWAYS_SEARCH_USER_PATHS = NO;
				CLANG_ANALYZER_NONNULL = YES;
				CLANG_ANALYZER_NUMBER_OBJECT_CONVERSION = YES_AGGRESSIVE;
				CLANG_CXX_LANGUAGE_STANDARD = "gnu++14";
				CLANG_CXX_LIBRARY = "libc++";
				CLANG_ENABLE_MODULES = YES;
				CLANG_ENABLE_OBJC_ARC = YES;
				CLANG_ENABLE_OBJC_WEAK = YES;
				CLANG_WARN_BLOCK_CAPTURE_AUTORELEASING = YES;
				CLANG_WARN_BOOL_CONVERSION = YES;
				CLANG_WARN_COMMA = YES;
				CLANG_WARN_CONSTANT_CONVERSION = YES;
				CLANG_WARN_DEPRECATED_OBJC_IMPLEMENTATIONS = YES;
				CLANG_WARN_DIRECT_OBJC_ISA_USAGE = YES_ERROR;
				CLANG_WARN_DOCUMENTATION_COMMENTS = YES;
				CLANG_WARN_EMPTY_BODY = YES;
				CLANG_WARN_ENUM_CONVERSION = YES;
				CLANG_WARN_INFINITE_RECURSION = YES;
				CLANG_WARN_INT_CONVERSION = YES;
				CLANG_WARN_NON_LITERAL_NULL_CONVERSION = YES;
				CLANG_WARN_OBJC_IMPLICIT_RETAIN_SELF = YES;
				CLANG_WARN_OBJC_LITERAL_CONVERSION = YES;
				CLANG_WARN_OBJC_ROOT_CLASS = YES_ERROR;
				CLANG_WARN_QUOTED_INCLUDE_IN_FRAMEWORK_HEADER = YES;
				CLANG_WARN_RANGE_LOOP_ANALYSIS = YES;
				CLANG_WARN_STRICT_PROTOTYPES = YES;
				CLANG_WARN_SUSPICIOUS_MOVE = YES;
				CLANG_WARN_UNGUARDED_AVAILABILITY = YES_AGGRESSIVE;
				CLANG_WARN_UNREACHABLE_CODE = YES;
				CLANG_WARN__DUPLICATE_METHOD_MATCH = YES;
				COPY_PHASE_STRIP = NO;
				DEBUG_INFORMATION_FORMAT = dwarf;
				ENABLE_STRICT_OBJC_MSGSEND = YES;
				ENABLE_TESTABILITY = YES;
				GCC_C_LANGUAGE_STANDARD = gnu11;
				GCC_DYNAMIC_NO_PIC = NO;
				GCC_NO_COMMON_BLOCKS = YES;
				GCC_OPTIMIZATION_LEVEL = 0;
				GCC_PREPROCESSOR_DEFINITIONS = (
					"DEBUG=1",
					"$(inherited)",
				);
				GCC_WARN_64_TO_32_BIT_CONVERSION = YES;
				GCC_WARN_ABOUT_RETURN_TYPE = YES_ERROR;
				GCC_WARN_UNDECLARED_SELECTOR = YES;
				GCC_WARN_UNINITIALIZED_AUTOS = YES_AGGRESSIVE;
				GCC_WARN_UNUSED_FUNCTION = YES;
				GCC_WARN_UNUSED_VARIABLE = YES;
				IPHONEOS_DEPLOYMENT_TARGET = 14.5;
				MTL_ENABLE_DEBUG_INFO = INCLUDE_SOURCE;
				MTL_FAST_MATH = YES;
				ONLY_ACTIVE_ARCH = YES;
				SDKROOT = iphoneos;
				SWIFT_ACTIVE_COMPILATION_CONDITIONS = DEBUG;
				SWIFT_OPTIMIZATION_LEVEL = "-Onone";
			};
			name = Debug;
		};
		B30250AF266E7BE200C98CCF /* Release */ = {
			isa = XCBuildConfiguration;
			buildSettings = {
				ALWAYS_SEARCH_USER_PATHS = NO;
				CLANG_ANALYZER_NONNULL = YES;
				CLANG_ANALYZER_NUMBER_OBJECT_CONVERSION = YES_AGGRESSIVE;
				CLANG_CXX_LANGUAGE_STANDARD = "gnu++14";
				CLANG_CXX_LIBRARY = "libc++";
				CLANG_ENABLE_MODULES = YES;
				CLANG_ENABLE_OBJC_ARC = YES;
				CLANG_ENABLE_OBJC_WEAK = YES;
				CLANG_WARN_BLOCK_CAPTURE_AUTORELEASING = YES;
				CLANG_WARN_BOOL_CONVERSION = YES;
				CLANG_WARN_COMMA = YES;
				CLANG_WARN_CONSTANT_CONVERSION = YES;
				CLANG_WARN_DEPRECATED_OBJC_IMPLEMENTATIONS = YES;
				CLANG_WARN_DIRECT_OBJC_ISA_USAGE = YES_ERROR;
				CLANG_WARN_DOCUMENTATION_COMMENTS = YES;
				CLANG_WARN_EMPTY_BODY = YES;
				CLANG_WARN_ENUM_CONVERSION = YES;
				CLANG_WARN_INFINITE_RECURSION = YES;
				CLANG_WARN_INT_CONVERSION = YES;
				CLANG_WARN_NON_LITERAL_NULL_CONVERSION = YES;
				CLANG_WARN_OBJC_IMPLICIT_RETAIN_SELF = YES;
				CLANG_WARN_OBJC_LITERAL_CONVERSION = YES;
				CLANG_WARN_OBJC_ROOT_CLASS = YES_ERROR;
				CLANG_WARN_QUOTED_INCLUDE_IN_FRAMEWORK_HEADER = YES;
				CLANG_WARN_RANGE_LOOP_ANALYSIS = YES;
				CLANG_WARN_STRICT_PROTOTYPES = YES;
				CLANG_WARN_SUSPICIOUS_MOVE = YES;
				CLANG_WARN_UNGUARDED_AVAILABILITY = YES_AGGRESSIVE;
				CLANG_WARN_UNREACHABLE_CODE = YES;
				CLANG_WARN__DUPLICATE_METHOD_MATCH = YES;
				COPY_PHASE_STRIP = NO;
				DEBUG_INFORMATION_FORMAT = "dwarf-with-dsym";
				ENABLE_NS_ASSERTIONS = NO;
				ENABLE_STRICT_OBJC_MSGSEND = YES;
				GCC_C_LANGUAGE_STANDARD = gnu11;
				GCC_NO_COMMON_BLOCKS = YES;
				GCC_WARN_64_TO_32_BIT_CONVERSION = YES;
				GCC_WARN_ABOUT_RETURN_TYPE = YES_ERROR;
				GCC_WARN_UNDECLARED_SELECTOR = YES;
				GCC_WARN_UNINITIALIZED_AUTOS = YES_AGGRESSIVE;
				GCC_WARN_UNUSED_FUNCTION = YES;
				GCC_WARN_UNUSED_VARIABLE = YES;
				IPHONEOS_DEPLOYMENT_TARGET = 14.5;
				MTL_ENABLE_DEBUG_INFO = NO;
				MTL_FAST_MATH = YES;
				SDKROOT = iphoneos;
				SWIFT_COMPILATION_MODE = wholemodule;
				SWIFT_OPTIMIZATION_LEVEL = "-O";
				VALIDATE_PRODUCT = YES;
			};
			name = Release;
		};
		B30250B1266E7BE200C98CCF /* Debug */ = {
			isa = XCBuildConfiguration;
			buildSettings = {
				ASSETCATALOG_COMPILER_APPICON_NAME = AppIcon;
				ASSETCATALOG_COMPILER_GLOBAL_ACCENT_COLOR_NAME = AccentColor;
				CODE_SIGN_IDENTITY = "Apple Development";
				CODE_SIGN_STYLE = Automatic;
				DEVELOPMENT_ASSET_PATHS = "\"Meteostatic/Preview Content\"";
				DEVELOPMENT_TEAM = L26VXXY959;
				ENABLE_PREVIEWS = YES;
				INFOPLIST_FILE = Meteostatic/Info.plist;
				IPHONEOS_DEPLOYMENT_TARGET = 14.0;
				LD_RUNPATH_SEARCH_PATHS = (
					"$(inherited)",
					"@executable_path/Frameworks",
				);
				PRODUCT_BUNDLE_IDENTIFIER = guibudagyan;
				PRODUCT_NAME = "$(TARGET_NAME)";
				PROVISIONING_PROFILE_SPECIFIER = "";
				SWIFT_VERSION = 5.0;
				TARGETED_DEVICE_FAMILY = 1;
			};
			name = Debug;
		};
		B30250B2266E7BE200C98CCF /* Release */ = {
			isa = XCBuildConfiguration;
			buildSettings = {
				ASSETCATALOG_COMPILER_APPICON_NAME = AppIcon;
				ASSETCATALOG_COMPILER_GLOBAL_ACCENT_COLOR_NAME = AccentColor;
				CODE_SIGN_IDENTITY = "Apple Development";
				CODE_SIGN_STYLE = Automatic;
				DEVELOPMENT_ASSET_PATHS = "\"Meteostatic/Preview Content\"";
				DEVELOPMENT_TEAM = L26VXXY959;
				ENABLE_PREVIEWS = YES;
				INFOPLIST_FILE = Meteostatic/Info.plist;
				IPHONEOS_DEPLOYMENT_TARGET = 14.0;
				LD_RUNPATH_SEARCH_PATHS = (
					"$(inherited)",
					"@executable_path/Frameworks",
				);
				PRODUCT_BUNDLE_IDENTIFIER = guibudagyan;
				PRODUCT_NAME = "$(TARGET_NAME)";
				PROVISIONING_PROFILE_SPECIFIER = "";
				SWIFT_VERSION = 5.0;
				TARGETED_DEVICE_FAMILY = 1;
			};
			name = Release;
		};
/* End XCBuildConfiguration section */

/* Begin XCConfigurationList section */
		B302509C266E7BE100C98CCF /* Build configuration list for PBXProject "Meteostatic" */ = {
			isa = XCConfigurationList;
			buildConfigurations = (
				B30250AE266E7BE200C98CCF /* Debug */,
				B30250AF266E7BE200C98CCF /* Release */,
			);
			defaultConfigurationIsVisible = 0;
			defaultConfigurationName = Release;
		};
		B30250B0266E7BE200C98CCF /* Build configuration list for PBXNativeTarget "Meteostatic" */ = {
			isa = XCConfigurationList;
			buildConfigurations = (
				B30250B1266E7BE200C98CCF /* Debug */,
				B30250B2266E7BE200C98CCF /* Release */,
			);
			defaultConfigurationIsVisible = 0;
			defaultConfigurationName = Release;
		};
/* End XCConfigurationList section */
	};
	rootObject = B3025099266E7BE100C98CCF /* Project object */;
}
